
Microsoft Visual Studio Solution File, Format Version 12.00
# Visual Studio Version 16
VisualStudioVersion = 16.0.31105.61
MinimumVisualStudioVersion = 10.0.40219.1
Project("{FAE04EC0-301F-11D3-BF4B-00C04F79EFBC}") = "RestaurantRater", "RestaurantRater\RestaurantRater.csproj", "{494C249A-73E5-4D3E-AED0-BE2B57F71ADA}"
EndProject
Global
	GlobalSection(SolutionConfigurationPlatforms) = preSolution
		Debug|Any CPU = Debug|Any CPU
		Release|Any CPU = Release|Any CPU
	EndGlobalSection
	GlobalSection(ProjectConfigurationPlatforms) = postSolution
		{494C249A-73E5-4D3E-AED0-BE2B57F71ADA}.Debug|Any CPU.ActiveCfg = Debug|Any CPU
		{494C249A-73E5-4D3E-AED0-BE2B57F71ADA}.Debug|Any CPU.Build.0 = Debug|Any CPU
		{494C249A-73E5-4D3E-AED0-BE2B57F71ADA}.Release|Any CPU.ActiveCfg = Release|Any CPU
		{494C249A-73E5-4D3E-AED0-BE2B57F71ADA}.Release|Any CPU.Build.0 = Release|Any CPU
	EndGlobalSection
	GlobalSection(SolutionProperties) = preSolution
		HideSolutionNode = FALSE
	EndGlobalSection
	GlobalSection(ExtensibilityGlobals) = postSolution
		SolutionGuid = {19A86839-02B9-4672-8C8F-A2C364222CD4}
	EndGlobalSection
EndGlobal
